{
  "name": "worker",
  "version": "1.0.0",
  "lockfileVersion": 1,
  "requires": true,
  "dependencies": {
    "@cloudflare/kv-asset-handler": {
      "version": "0.0.5",
      "resolved": "https://registry.npmjs.org/@cloudflare/kv-asset-handler/-/kv-asset-handler-0.0.5.tgz",
      "integrity": "sha512-7yLMAUZD1XQNKzmktYCcUUPB+wXmQENv1MMi8QEMs0rzL01e0XEyCUUDauRXHzxi7dBbSUGA5RS23h890ncKog==",
      "requires": {
        "mime": "^2.4.4"
      }
    },
    "mime": {
      "version": "2.4.4",
      "resolved": "https://registry.npmjs.org/mime/-/mime-2.4.4.tgz",
      "integrity": "sha512-LRxmNwziLPT828z+4YkNzloCFC2YM4wrB99k+AV5ZbEyfGNWfG8SO1FUXLmLDBSo89NrJZ4DIWeLjy1CHGhMGA=="
    }
  }
}
